
Microsoft Visual Studio Solution File, Format Version 12.00
# Visual Studio Version 16
VisualStudioVersion = 16.0.29728.190
MinimumVisualStudioVersion = 10.0.40219.1
Project("{FAE04EC0-301F-11D3-BF4B-00C04F79EFBC}") = "PuzzleSideProject", "PuzzleSideProject\PuzzleSideProject.csproj", "{A424FEC2-8BBC-4F9E-A847-D69F5737622B}"
EndProject
Global
	GlobalSection(SolutionConfigurationPlatforms) = preSolution
		Debug|Any CPU = Debug|Any CPU
		Release|Any CPU = Release|Any CPU
	EndGlobalSection
	GlobalSection(ProjectConfigurationPlatforms) = postSolution
		{A424FEC2-8BBC-4F9E-A847-D69F5737622B}.Debug|Any CPU.ActiveCfg = Debug|Any CPU
		{A424FEC2-8BBC-4F9E-A847-D69F5737622B}.Debug|Any CPU.Build.0 = Debug|Any CPU
		{A424FEC2-8BBC-4F9E-A847-D69F5737622B}.Release|Any CPU.ActiveCfg = Release|Any CPU
		{A424FEC2-8BBC-4F9E-A847-D69F5737622B}.Release|Any CPU.Build.0 = Release|Any CPU
	EndGlobalSection
	GlobalSection(SolutionProperties) = preSolution
		HideSolutionNode = FALSE
	EndGlobalSection
	GlobalSection(ExtensibilityGlobals) = postSolution
		SolutionGuid = {1DF3937D-9E51-48BA-B0A1-50C32A6A5212}
	EndGlobalSection
EndGlobal
